
Microsoft Visual Studio Solution File, Format Version 12.00
Project("{FAE04EC0-301F-11D3-BF4B-00C04F79EFBC}") = "Health.Workflow.Console", "Health.Workflow.Console\Health.Workflow.Console.csproj", "{63CC5789-71CF-4B01-9A0D-D6644E6D2602}"
EndProject
Project("{FAE04EC0-301F-11D3-BF4B-00C04F79EFBC}") = "Health.Workflow.Processes", "Health.Workflow.Processes\Health.Workflow.Processes.csproj", "{0B6B9AA9-06BD-48AE-8820-3D4AFB1F1188}"
EndProject
Global
	GlobalSection(SolutionConfigurationPlatforms) = preSolution
		Debug|Any CPU = Debug|Any CPU
		Release|Any CPU = Release|Any CPU
	EndGlobalSection
	GlobalSection(ProjectConfigurationPlatforms) = postSolution
		{63CC5789-71CF-4B01-9A0D-D6644E6D2602}.Debug|Any CPU.ActiveCfg = Debug|Any CPU
		{63CC5789-71CF-4B01-9A0D-D6644E6D2602}.Debug|Any CPU.Build.0 = Debug|Any CPU
		{63CC5789-71CF-4B01-9A0D-D6644E6D2602}.Release|Any CPU.ActiveCfg = Release|Any CPU
		{63CC5789-71CF-4B01-9A0D-D6644E6D2602}.Release|Any CPU.Build.0 = Release|Any CPU
		{0B6B9AA9-06BD-48AE-8820-3D4AFB1F1188}.Debug|Any CPU.ActiveCfg = Debug|Any CPU
		{0B6B9AA9-06BD-48AE-8820-3D4AFB1F1188}.Debug|Any CPU.Build.0 = Debug|Any CPU
		{0B6B9AA9-06BD-48AE-8820-3D4AFB1F1188}.Release|Any CPU.ActiveCfg = Release|Any CPU
		{0B6B9AA9-06BD-48AE-8820-3D4AFB1F1188}.Release|Any CPU.Build.0 = Release|Any CPU
	EndGlobalSection
EndGlobal
