
Microsoft Visual Studio Solution File, Format Version 12.00
Project("{FAE04EC0-301F-11D3-BF4B-00C04F79EFBC}") = "Health.Patient.Api", "Health.Patient.Api\Health.Patient.Api.csproj", "{1D3005E8-FAF3-40D7-A4E4-508FB0108D47}"
EndProject
Project("{FAE04EC0-301F-11D3-BF4B-00C04F79EFBC}") = "Health.Patient.Grpc", "Health.Patient.Grpc\Health.Patient.Grpc.csproj", "{40C47984-77C9-4C6F-96AE-3FAEA811A3A3}"
EndProject
Project("{FAE04EC0-301F-11D3-BF4B-00C04F79EFBC}") = "Health.Patient.Common", "Health.Patient.Common\Health.Patient.Common.csproj", "{AEC7FE2C-9AFA-4160-96CE-126D1B282E9B}"
EndProject
Project("{FAE04EC0-301F-11D3-BF4B-00C04F79EFBC}") = "Health.Patient.Domain", "Health.Patient.Domain\Health.Patient.Domain.csproj", "{BDDFC89F-5195-4477-AE7F-21F4AC72AAEC}"
EndProject
Global
	GlobalSection(SolutionConfigurationPlatforms) = preSolution
		Debug|Any CPU = Debug|Any CPU
		Release|Any CPU = Release|Any CPU
	EndGlobalSection
	GlobalSection(ProjectConfigurationPlatforms) = postSolution
		{1D3005E8-FAF3-40D7-A4E4-508FB0108D47}.Debug|Any CPU.ActiveCfg = Debug|Any CPU
		{1D3005E8-FAF3-40D7-A4E4-508FB0108D47}.Debug|Any CPU.Build.0 = Debug|Any CPU
		{1D3005E8-FAF3-40D7-A4E4-508FB0108D47}.Release|Any CPU.ActiveCfg = Release|Any CPU
		{1D3005E8-FAF3-40D7-A4E4-508FB0108D47}.Release|Any CPU.Build.0 = Release|Any CPU
		{40C47984-77C9-4C6F-96AE-3FAEA811A3A3}.Debug|Any CPU.ActiveCfg = Debug|Any CPU
		{40C47984-77C9-4C6F-96AE-3FAEA811A3A3}.Debug|Any CPU.Build.0 = Debug|Any CPU
		{40C47984-77C9-4C6F-96AE-3FAEA811A3A3}.Release|Any CPU.ActiveCfg = Release|Any CPU
		{40C47984-77C9-4C6F-96AE-3FAEA811A3A3}.Release|Any CPU.Build.0 = Release|Any CPU
		{AEC7FE2C-9AFA-4160-96CE-126D1B282E9B}.Debug|Any CPU.ActiveCfg = Debug|Any CPU
		{AEC7FE2C-9AFA-4160-96CE-126D1B282E9B}.Debug|Any CPU.Build.0 = Debug|Any CPU
		{AEC7FE2C-9AFA-4160-96CE-126D1B282E9B}.Release|Any CPU.ActiveCfg = Release|Any CPU
		{AEC7FE2C-9AFA-4160-96CE-126D1B282E9B}.Release|Any CPU.Build.0 = Release|Any CPU
		{BDDFC89F-5195-4477-AE7F-21F4AC72AAEC}.Debug|Any CPU.ActiveCfg = Debug|Any CPU
		{BDDFC89F-5195-4477-AE7F-21F4AC72AAEC}.Debug|Any CPU.Build.0 = Debug|Any CPU
		{BDDFC89F-5195-4477-AE7F-21F4AC72AAEC}.Release|Any CPU.ActiveCfg = Release|Any CPU
		{BDDFC89F-5195-4477-AE7F-21F4AC72AAEC}.Release|Any CPU.Build.0 = Release|Any CPU
	EndGlobalSection
EndGlobal
